PODS:
  - Alamofire (5.4.1)
  - BigInt (3.1.0):
    - SipHash (~> 1.2)
  - CGRPCZlib (1.0.0-alpha.20)
  - CNIOAtomics (2.25.1)
  - CNIOBoringSSL (2.10.2)
  - CNIOBoringSSLShims (2.10.2):
    - CNIOBoringSSL (= 2.10.2)
  - CNIODarwin (2.25.1)
  - CNIOHTTPParser (2.25.1)
  - CNIOLinux (2.25.1)
  - CNIOSHA1 (2.25.1)
  - CNIOWindows (2.25.1)
  - CryptoSwift (0.15.0)
  - FBSnapshotTestCase (2.1.4):
    - FBSnapshotTestCase/SwiftSupport (= 2.1.4)
  - FBSnapshotTestCase/Core (2.1.4)
  - FBSnapshotTestCase/SwiftSupport (2.1.4):
    - FBSnapshotTestCase/Core
  - gRPC-Swift (1.0.0-alpha.20):
    - CGRPCZlib (= 1.0.0-alpha.20)
    - Logging (< 2, >= 1.4.0)
    - SwiftNIO (< 3, >= 2.22.0)
    - SwiftNIOHTTP2 (< 2, >= 1.14.1)
    - SwiftNIOSSL (< 3, >= 2.8.0)
    - SwiftNIOTransportServices (< 2, >= 1.6.0)
    - SwiftProtobuf (< 2, >= 1.9.0)
  - HandyJSON (5.0.0-beta.1)
  - Logging (1.4.0)
  - PromiseKit (6.13.1):
    - PromiseKit/CorePromise (= 6.13.1)
    - PromiseKit/Foundation (= 6.13.1)
    - PromiseKit/UIKit (= 6.13.1)
  - PromiseKit/CorePromise (6.13.1)
  - PromiseKit/Foundation (6.13.1):
    - PromiseKit/CorePromise
  - PromiseKit/UIKit (6.13.1):
    - PromiseKit/CorePromise
  - Result (4.1.0)
  - scrypt (2.0):
    - CryptoSwift (~> 0.11)
  - secp256k1_swift (1.0.3)
  - SipHash (1.2.2)
  - SwiftNIO (2.25.1):
    - CNIOAtomics (= 2.25.1)
    - CNIODarwin (= 2.25.1)
    - CNIOLinux (= 2.25.1)
    - CNIOSHA1 (= 2.25.1)
    - CNIOWindows (= 2.25.1)
    - SwiftNIOConcurrencyHelpers (= 2.25.1)
  - SwiftNIOConcurrencyHelpers (2.25.1):
    - CNIOAtomics (= 2.25.1)
  - SwiftNIOFoundationCompat (2.25.1):
    - SwiftNIO (= 2.25.1)
  - SwiftNIOHPACK (1.16.2):
    - SwiftNIO (< 3, >= 2.18.0)
    - SwiftNIOConcurrencyHelpers (< 3, >= 2.18.0)
    - SwiftNIOHTTP1 (< 3, >= 2.18.0)
  - SwiftNIOHTTP1 (2.25.1):
    - CNIOHTTPParser (= 2.25.1)
    - SwiftNIO (= 2.25.1)
    - SwiftNIOConcurrencyHelpers (= 2.25.1)
  - SwiftNIOHTTP2 (1.16.2):
    - SwiftNIO (< 3, >= 2.18.0)
    - SwiftNIOConcurrencyHelpers (< 3, >= 2.18.0)
    - SwiftNIOHPACK (= 1.16.2)
    - SwiftNIOHTTP1 (< 3, >= 2.18.0)
    - SwiftNIOTLS (< 3, >= 2.18.0)
  - SwiftNIOSSL (2.10.2):
    - CNIOBoringSSL (= 2.10.2)
    - CNIOBoringSSLShims (= 2.10.2)
    - SwiftNIO (< 3, >= 2.15.0)
    - SwiftNIOConcurrencyHelpers (< 3, >= 2.15.0)
    - SwiftNIOTLS (< 3, >= 2.15.0)
  - SwiftNIOTLS (2.25.1):
    - SwiftNIO (= 2.25.1)
  - SwiftNIOTransportServices (1.9.1):
    - SwiftNIO (< 3, >= 2.19.0)
    - SwiftNIOConcurrencyHelpers (< 3, >= 2.19.0)
    - SwiftNIOFoundationCompat (< 3, >= 2.19.0)
    - SwiftNIOTLS (< 3, >= 2.19.0)
  - SwiftProtobuf (1.14.0)
  - SwiftRLP (1.0.1):
    - BigInt (~> 3.1)
  - UptickProtocolIRISnet (0.1.1):
    - Alamofire (~> 5.2)
    - gRPC-Swift (= 1.0.0-alpha.20)
    - HandyJSON (= 5.0.0-beta.1)
    - web3swift (~> 1.1.10)
  - web3swift (1.1.10):
    - BigInt (~> 3.1)
    - CryptoSwift (~> 0.11)
    - PromiseKit (~> 6.3)
    - Result (~> 4.0)
    - scrypt (~> 2.0)
    - secp256k1_swift (~> 1.0.3)
    - SwiftRLP (~> 1.0.1)

DEPENDENCIES:
  - FBSnapshotTestCase (~> 2.1.4)
  - UptickProtocolIRISnet (from `../`)

SPEC REPOS:
  https://mirrors.tuna.tsinghua.edu.cn/git/CocoaPods/Specs.git:
    - Alamofire
    - BigInt
    - CGRPCZlib
    - CNIOAtomics
    - CNIOBoringSSL
    - CNIOBoringSSLShims
    - CNIODarwin
    - CNIOHTTPParser
    - CNIOLinux
    - CNIOSHA1
    - CNIOWindows
    - CryptoSwift
    - FBSnapshotTestCase
    - gRPC-Swift
    - HandyJSON
    - Logging
    - PromiseKit
    - Result
    - scrypt
    - secp256k1_swift
    - SipHash
    - SwiftNIO
    - SwiftNIOConcurrencyHelpers
    - SwiftNIOFoundationCompat
    - SwiftNIOHPACK
    - SwiftNIOHTTP1
    - SwiftNIOHTTP2
    - SwiftNIOSSL
    - SwiftNIOTLS
    - SwiftNIOTransportServices
    - SwiftProtobuf
    - SwiftRLP
    - web3swift

EXTERNAL SOURCES:
  UptickProtocolIRISnet:
    :path: "../"

SPEC CHECKSUMS:
  Alamofire: 2291f7d21ca607c491dd17642e5d40fdcda0e65c
  BigInt: 76b5dfdfa3e2e478d4ffdf161aeede5502e2742f
  CGRPCZlib: 9421db015a274b3cd5cce57334826881f61c0785
  CNIOAtomics: 2ae668942b9e7ac71e0fe286d11ac9b4fe329024
  CNIOBoringSSL: 3d59b923c8ec524308685664ae6388179c678ac7
  CNIOBoringSSLShims: 18b267690ba0d57b22e4e69dff2904a6b1d030b8
  CNIODarwin: 3874630a0e3506c3e86f272ad436103d27055831
  CNIOHTTPParser: 976fcf22759946c80ff74c8a2926728d88954a83
  CNIOLinux: e6394d7fd56d36ff43ada5796e9d96c14fcb3546
  CNIOSHA1: 43c4a0cfdea5e8be20927d9d2237ebe4233071f8
  CNIOWindows: 89048520e4a1484bcd5e20c252edf4089913aa7d
  CryptoSwift: 769f58a9e89f64e8796c2e59ce5f002dc81a2438
  FBSnapshotTestCase: 094f9f314decbabe373b87cc339bea235a63e07a
  gRPC-Swift: 074c94af029b6bf70bab68cd0e278428a4470997
  HandyJSON: 582477127ab3ab65bd2e471815f1a7b846856978
  Logging: beeb016c9c80cf77042d62e83495816847ef108b
  PromiseKit: 28fda91c973cc377875d8c0ea4f973013c05b6db
  Result: bd966fac789cc6c1563440b348ab2598cc24d5c7
  scrypt: 3fe5b1a3b0976f97cd87488673a8f7c65708cc84
  secp256k1_swift: 4fc5c4b2d2c6d21ee8ccb868cdc92da12f38bed9
  SipHash: fad90a4683e420c52ef28063063dbbce248ea6d4
  SwiftNIO: 3f9a197581f6dfebf65a5c85099f25197d892c8c
  SwiftNIOConcurrencyHelpers: 3670690a0fb8d8a0a4759804d07aaf89c9599839
  SwiftNIOFoundationCompat: 707c223452d1606e1619c2309f089aeadbf2943e
  SwiftNIOHPACK: a86298d347455478dcc0d0178b80bbbd38bdf299
  SwiftNIOHTTP1: 566744e4a9b4425009b59dce9ed962591052b0d0
  SwiftNIOHTTP2: 474925ac2ebabc5899892f7cafc0323eceb67f8c
  SwiftNIOSSL: 39756339a7425d68b48f00c0f9a9e068b8f536d0
  SwiftNIOTLS: 434418842a6bebc21864ec84229e5e3d2762ca0b
  SwiftNIOTransportServices: a8a17a43695a09bfdd5a56426f6e515120d5dbf3
  SwiftProtobuf: ed465ed18402f998fd117f631da27e0168e6b59c
  SwiftRLP: 9de2c9512a9a6bf0909cd84cc143a7ff1aff7820
  UptickProtocolIRISnet: 46e78028dee2ff2bca310eacf30668abcd581fc3
  web3swift: 843dd5295d2ae755e6f80e9e0bdabe2868a5c7d8

PODFILE CHECKSUM: bd544a6d81b968d27cafef84c33b79bf1a09ad74

COCOAPODS: 1.10.0
